# This file is generated by running "yarn install" inside your project.
# Manual changes might be lost - proceed with caution!

__metadata:
  version: 3

"@octokit/endpoint@npm:^5.1.0":
  version: 5.3.5
  resolution: "@octokit/endpoint@npm:5.3.5"
  dependencies:
    is-plain-object: "npm:^3.0.0"
    universal-user-agent: "npm:^4.0.0"
  checksum: df8e724504b460024cb06a73830c000f9e25c818790cd09eeb4c079a931891db50dbb22879f96572de43b3e5a38d00364b43c74f0e1b8abdf032bff85c61e69a
  languageName: node
  linkType: hard

"@octokit/graphql@npm:^4.2.0":
  version: 4.2.0
  resolution: "@octokit/graphql@npm:4.2.0"
  dependencies:
    "@octokit/request": "npm:^5.0.0"
    universal-user-agent: "npm:^4.0.0"
  checksum: b01f74f4e734fa7d42b29f57fd7e94d569579f378e6c8d541e7e4dae2c9dc6992b361c24379c3fb6b0cbda89eb455b1500809f705071da0ab0c0c5088827dd79
  languageName: node
  linkType: hard

"@octokit/request-error@npm:^1.0.1":
  version: 1.0.4
  resolution: "@octokit/request-error@npm:1.0.4"
  dependencies:
    deprecation: "npm:^2.0.0"
    once: "npm:^1.4.0"
  checksum: 8b270d34b06ca9a75a53632a62d8831cefff33448f59a82db6f253053c7e4175b8e5f23628412ae45c57f9f71231ec77d4f89dde31a7a204c86d2b4d1d253fa4
  languageName: node
  linkType: hard

"@octokit/request@npm:^5.0.0":
  version: 5.1.0
  resolution: "@octokit/request@npm:5.1.0"
  dependencies:
    "@octokit/endpoint": "npm:^5.1.0"
    "@octokit/request-error": "npm:^1.0.1"
    deprecation: "npm:^2.0.0"
    is-plain-object: "npm:^3.0.0"
    node-fetch: "npm:^2.3.0"
    once: "npm:^1.4.0"
    universal-user-agent: "npm:^4.0.0"
  checksum: 7185595524c3ef1ed508a97c02276ccb6589b192241b9b0f1f5bb2808f8d13b93ef0b8a6182127cf36f2eb3b41431a91132243eb3f8c559c37b9c38165813ba4
  languageName: node
  linkType: hard

"cross-spawn@npm:^6.0.0":
  version: 6.0.5
  resolution: "cross-spawn@npm:6.0.5"
  dependencies:
    nice-try: "npm:^1.0.4"
    path-key: "npm:^2.0.1"
    semver: "npm:^5.5.0"
    shebang-command: "npm:^1.2.0"
    which: "npm:^1.2.9"
  checksum: d06f25a8b38799e85258b28ee0136389d00be52ba6b3573b4a67bcf2e0f70e2f5b6eda3e231f079129d6cec937cc123cf6516efe55a3711487a4dba68cb6a86a
  languageName: node
  linkType: hard

"deprecation@npm:^2.0.0":
  version: 2.3.1
  resolution: "deprecation@npm:2.3.1"
  checksum: 809468f3384e3f42d8aaf89b09035fc52c9cd53191581295f2618e57f12d2839e8acdb35b4ff3fbc2008f0e3908248cb904a9442fb15e78674ae72a641d6aaac
  languageName: node
  linkType: hard

"end-of-stream@npm:^1.1.0":
  version: 1.4.1
  resolution: "end-of-stream@npm:1.4.1"
  dependencies:
    once: "npm:^1.4.0"
  checksum: 1ce83881bff8e29feae6d18a002bf3b92b70938f3b6761d9d62b9b077fade97cde949fb6c7da9b25962381ad86c13d6a0a50a7bb3232600c6998dc22e4903385
  languageName: node
  linkType: hard

"execa@npm:^1.0.0":
  version: 1.0.0
  resolution: "execa@npm:1.0.0"
  dependencies:
    cross-spawn: "npm:^6.0.0"
    get-stream: "npm:^4.0.0"
    is-stream: "npm:^1.1.0"
    npm-run-path: "npm:^2.0.0"
    p-finally: "npm:^1.0.0"
    signal-exit: "npm:^3.0.0"
    strip-eof: "npm:^1.0.0"
  checksum: e629a8c223251d41ee71e6b479fd514b0a9916fe7089e4d7874d929b964f13e22ac389075a8b14e38f7a0213c98298006bb25f247e137d7a277dbc4ef8508b83
  languageName: node
  linkType: hard

"get-stream@npm:^4.0.0":
  version: 4.1.0
  resolution: "get-stream@npm:4.1.0"
  dependencies:
    pump: "npm:^3.0.0"
  checksum: c6b0e9200d55c52f6f5166ad9dd8a1ab4e20f07244cc12ef26e38b3a106cbf693e7b098d0da935fdcec09f4ae1bfd90ad0354ce51173ed13a1b8b4b85e87bf82
  languageName: node
  linkType: hard

"is-plain-object@npm:^3.0.0":
  version: 3.0.0
  resolution: "is-plain-object@npm:3.0.0"
  dependencies:
    isobject: "npm:^4.0.0"
  checksum: 47a6dc684a04d0694a633662ec2924a6d863b6711caf962ddbe9dcb81231e9464991f599f9293aa30df69705ca840cacfb169f6607cedbf536253a0caaa0e65a
  languageName: node
  linkType: hard

"is-stream@npm:^1.1.0":
  version: 1.1.0
  resolution: "is-stream@npm:1.1.0"
  checksum: c7c489de877bb190b05aa5b7726897d584ed7c78d68fe385de20ec83eab577edc3b9e8796938d3ab188ffef6c816b83dc2a3f2490ff1d345c160c1697b043ca1
  languageName: node
  linkType: hard

"isexe@npm:^2.0.0":
  version: 2.0.0
  resolution: "isexe@npm:2.0.0"
  checksum: 8312a3258bc24b5b640321cace7f48805ac2b19b5154b5f517f21802805786780f324d025ce1f685fa89604f7ebf84ba97dbd813c27dff8339d20d83a57bcd0d
  languageName: node
  linkType: hard

"isobject@npm:^4.0.0":
  version: 4.0.0
  resolution: "isobject@npm:4.0.0"
  checksum: 2823e493aa874fefe5d65af6dd6e457696fe7f527390b1797e99db51015e965e7486be6fed7a453ed3cb155319709d25436b542d884de10695593300f20ee188
  languageName: node
  linkType: hard

"macos-release@npm:^2.2.0":
  version: 2.3.0
  resolution: "macos-release@npm:2.3.0"
  checksum: e8d40ea29983970dedcba11fcd447ebc59c180953b1063c36b1550b9f0e30aaa36acde6504000d001476c853e3184bb092b081045e54c9f6e6a9503986cf5716
  languageName: node
  linkType: hard

"nice-try@npm:^1.0.4":
  version: 1.0.5
  resolution: "nice-try@npm:1.0.5"
  checksum: a97fdff0c3b5b624556b95c28d74020378395cc6b47430ff92ca5dfa6f6c650c2a527590aa2a239bd951f629be522cc40538f2188fa402e559f04b6d5225eab2
  languageName: node
  linkType: hard

"node-fetch@npm:^2.3.0":
  version: 2.6.0
  resolution: "node-fetch@npm:2.6.0"
  checksum: 24eaa3913acfc4a5ca29500ff0c88171001330414d495b7f3a0fa93815b4397d56a5fc0c48edfdbee312b3166a2aa19055954c8fb47c0e6eb302c4fe68657368
  languageName: node
  linkType: hard

"npm-run-path@npm:^2.0.0":
  version: 2.0.2
  resolution: "npm-run-path@npm:2.0.2"
  dependencies:
    path-key: "npm:^2.0.0"
  checksum: 0385d2cf3ec496041e151cbc5a14851eb29ac6d54aa0cc594f7438deca383135099a1ad934df09077dd59574bb69e43928644705f7c4cb3d1c749871225667cc
  languageName: node
  linkType: hard

"once@npm:^1.3.1, once@npm:^1.4.0":
  version: 1.4.0
  resolution: "once@npm:1.4.0"
  dependencies:
    wrappy: "npm:1"
  checksum: 9353242f6840822466aaea7985c6ba19f04de7adef144592204373ff28565ce2bc1f38bff42692a835c1dc18c73dd79aa98962de3030ac3a132dc89314036877
  languageName: node
  linkType: hard

"os-name@npm:^3.1.0":
  version: 3.1.0
  resolution: "os-name@npm:3.1.0"
  dependencies:
    macos-release: "npm:^2.2.0"
    windows-release: "npm:^3.1.0"
  checksum: 371cd613392c68fdc5f87f99c091ec9a17fc433248daf23e3485eef88de7d6672ae0c8565a3f65b5a0b4e201549a9fd10163a66b5dd1814eb3bdd3b34c85f003
  languageName: node
  linkType: hard

"p-finally@npm:^1.0.0":
  version: 1.0.0
  resolution: "p-finally@npm:1.0.0"
  checksum: 2c7829b734475db7d12819ce0547a54c347b980c1c3620d1b9fafe1aa0834a950afca651d1862e9455ea19cfcd2d680ff83e57c2c4dc62471ef85f2c214f4005
  languageName: node
  linkType: hard

"path-key@npm:^2.0.0, path-key@npm:^2.0.1":
  version: 2.0.1
  resolution: "path-key@npm:2.0.1"
  checksum: 43b2d46679ddca6263996972bb3281559b7bf09f42a4f528c27459ff0d364852e64f89dfd7c3a68a94710e06c9bb0158c75b71d1af1d4054248de3562665962c
  languageName: node
  linkType: hard

"pump@npm:^3.0.0":
  version: 3.0.0
  resolution: "pump@npm:3.0.0"
  dependencies:
    end-of-stream: "npm:^1.1.0"
    once: "npm:^1.3.1"
  checksum: ab849157e988616e19b6e16645a86016a8cf5a56ceaeab076452eca24f5f64162d03b7b915039296935d148f79c1c9ebbfd023589de3fe6c0ba2883aaf91d885
  languageName: node
  linkType: hard

"semver@npm:^5.5.0":
  version: 5.7.1
  resolution: "semver@npm:5.7.1"
  bin:
    semver: ./bin/semver
  checksum: 74a3047c02dbaadfc3a2df56abbddf0ed9a784170239fb30be515c8ae400e6057d7e66d60d94ece482129a4f2557357cdc3ec5aa08ef29648610f2070fd0663a
  languageName: node
  linkType: hard

"shebang-command@npm:^1.2.0":
  version: 1.2.0
  resolution: "shebang-command@npm:1.2.0"
  dependencies:
    shebang-regex: "npm:^1.0.0"
  checksum: 58451dadac2f741e3fe468accfdc263c0b2b42ef0a26dd87ac9688dd3aa908a6e2bf74410d1f0943a20baf4e11717b34ce803185aff4c031efa3ab12455e568b
  languageName: node
  linkType: hard

"shebang-regex@npm:^1.0.0":
  version: 1.0.0
  resolution: "shebang-regex@npm:1.0.0"
  checksum: cbd9dddef6419c94534619e2eb40b663bd4d6175de299d41d3d4b03290a839e69a75bee45dfab648c4027355b268f7ba142e483b9eef3a3f1b0084800d04163f
  languageName: node
  linkType: hard

"signal-exit@npm:^3.0.0":
  version: 3.0.2
  resolution: "signal-exit@npm:3.0.2"
  checksum: ce17937b1712ddb2e009347833bfe990d77d09d4b2fda9f017f655ff374c58c8a58ebcf6fdff211bbb7f14fae71c75d34a75f29583c3328d866c40798c225da1
  languageName: node
  linkType: hard

"strip-eof@npm:^1.0.0":
  version: 1.0.0
  resolution: "strip-eof@npm:1.0.0"
  checksum: fd3f003c69be82796565ac7f60c4eceec562a31bc2a780e0cd1eedff9942ed802fe4b20150dc7ecb8a06341b1a0e0f44c558050eaff296bcdcc2dab204a744a4
  languageName: node
  linkType: hard

"universal-user-agent@npm:^4.0.0":
  version: 4.0.0
  resolution: "universal-user-agent@npm:4.0.0"
  dependencies:
    os-name: "npm:^3.1.0"
  checksum: cbd48a2b7f48e84c0f58b6ea4c452f974027368869f731117dfc99ffde285a87e525928d7c3a12d1ac0f0b96f0046bc0ce66c10b02035ed8de42ea12e879aaad
  languageName: node
  linkType: hard

"untouched-files-github-repository@workspace:.":
  version: 0.0.0-use.local
  resolution: "untouched-files-github-repository@workspace:."
  dependencies:
    "@octokit/graphql": "npm:^4.2.0"
  languageName: unknown
  linkType: soft

"which@npm:^1.2.9":
  version: 1.3.1
  resolution: "which@npm:1.3.1"
  dependencies:
    isexe: "npm:^2.0.0"
  bin:
    which: ./bin/which
  checksum: f827af47bbb2d8c29c9aec65cf11860a9cfb66ec03d1c4ee1d5bb1738cddde9e91418099fabfffcb4f3be1b6ca13c7c5c31f825f8ca5bee97a52ca2c1bc49afe
  languageName: node
  linkType: hard

"windows-release@npm:^3.1.0":
  version: 3.2.0
  resolution: "windows-release@npm:3.2.0"
  dependencies:
    execa: "npm:^1.0.0"
  checksum: 0ed862778e5d40ee1e62a19722cf9cf92f7667ec910a169afe17f519cc5354375432358e14e679b44a0016841e00756c533287f03bffc17b92d7496036600d3c
  languageName: node
  linkType: hard

"wrappy@npm:1":
  version: 1.0.2
  resolution: "wrappy@npm:1.0.2"
  checksum: 78cf638e62da944f0ec1f0dffe1f99148e33e7908e92a2b717a0e97bcacd58033726b875bc6de4a05b206df6713c9f4d81b98a6f60ee4ac019d8b14a57772df0
  languageName: node
  linkType: hard
